
Microsoft Visual Studio Solution File, Format Version 12.00
# Visual Studio Version 16
VisualStudioVersion = 16.0.29920.165
MinimumVisualStudioVersion = 10.0.40219.1
Project("{FAE04EC0-301F-11D3-BF4B-00C04F79EFBC}") = "SeriesSelector", "SeriesSelector\SeriesSelector.csproj", "{06C395FC-B0D9-49A1-96F9-34834E4C4910}"
EndProject
Project("{FAE04EC0-301F-11D3-BF4B-00C04F79EFBC}") = "TestProject", "TestProject\TestProject.csproj", "{B61CFC1E-A6D7-48B4-B0D3-CC7374CA0896}"
EndProject
Global
	GlobalSection(SolutionConfigurationPlatforms) = preSolution
		Debug|Any CPU = Debug|Any CPU
		Release|Any CPU = Release|Any CPU
	EndGlobalSection
	GlobalSection(ProjectConfigurationPlatforms) = postSolution
		{06C395FC-B0D9-49A1-96F9-34834E4C4910}.Debug|Any CPU.ActiveCfg = Debug|Any CPU
		{06C395FC-B0D9-49A1-96F9-34834E4C4910}.Debug|Any CPU.Build.0 = Debug|Any CPU
		{06C395FC-B0D9-49A1-96F9-34834E4C4910}.Release|Any CPU.ActiveCfg = Release|Any CPU
		{06C395FC-B0D9-49A1-96F9-34834E4C4910}.Release|Any CPU.Build.0 = Release|Any CPU
		{B61CFC1E-A6D7-48B4-B0D3-CC7374CA0896}.Debug|Any CPU.ActiveCfg = Debug|Any CPU
		{B61CFC1E-A6D7-48B4-B0D3-CC7374CA0896}.Debug|Any CPU.Build.0 = Debug|Any CPU
		{B61CFC1E-A6D7-48B4-B0D3-CC7374CA0896}.Release|Any CPU.ActiveCfg = Release|Any CPU
		{B61CFC1E-A6D7-48B4-B0D3-CC7374CA0896}.Release|Any CPU.Build.0 = Release|Any CPU
	EndGlobalSection
	GlobalSection(SolutionProperties) = preSolution
		HideSolutionNode = FALSE
	EndGlobalSection
	GlobalSection(ExtensibilityGlobals) = postSolution
		SolutionGuid = {87D9FD5F-F420-4507-8FC5-B3CE050B9F46}
	EndGlobalSection
EndGlobal
